// !$*UTF8*$!
{
	archiveVersion = 1;
	classes = {
	};
	objectVersion = 51;
	objects = {

/* Begin PBXBuildFile section */
		2856795324C357F70058D61C /* AppDelegate.swift in Sources */ = {isa = PBXBuildFile; fileRef = 2856795224C357F70058D61C /* AppDelegate.swift */; };
		2856795524C357F70058D61C /* SceneDelegate.swift in Sources */ = {isa = PBXBuildFile; fileRef = 2856795424C357F70058D61C /* SceneDelegate.swift */; };
		2856795724C357F70058D61C /* ViewController.swift in Sources */ = {isa = PBXBuildFile; fileRef = 2856795624C357F70058D61C /* ViewController.swift */; };
		2856795A24C357F70058D61C /* Main.storyboard in Resources */ = {isa = PBXBuildFile; fileRef = 2856795824C357F70058D61C /* Main.storyboard */; };
		2856795C24C357F90058D61C /* Assets.xcassets in Resources */ = {isa = PBXBuildFile; fileRef = 2856795B24C357F90058D61C /* Assets.xcassets */; };
		2856795F24C357F90058D61C /* LaunchScreen.storyboard in Resources */ = {isa = PBXBuildFile; fileRef = 2856795D24C357F90058D61C /* LaunchScreen.storyboard */; };
		28A4DFC424C4932900F78CAC /* CatagoryCollectionViewController.swift in Sources */ = {isa = PBXBuildFile; fileRef = 28A4DFC324C4932900F78CAC /* CatagoryCollectionViewController.swift */; };
		28A4DFC624C494B200F78CAC /* catagoryCollectionViewCell.swift in Sources */ = {isa = PBXBuildFile; fileRef = 28A4DFC524C494B200F78CAC /* catagoryCollectionViewCell.swift */; };
		28A4DFC824C56D3600F78CAC /* GoogleService-Info.plist in Resources */ = {isa = PBXBuildFile; fileRef = 28A4DFC724C56D3600F78CAC /* GoogleService-Info.plist */; };
		28A4DFCA24C5A50600F78CAC /* firebaseCollecetionReference.swift in Sources */ = {isa = PBXBuildFile; fileRef = 28A4DFC924C5A50600F78CAC /* firebaseCollecetionReference.swift */; };
		28A4DFCF24C5AC6B00F78CAC /* Catagory.swift in Sources */ = {isa = PBXBuildFile; fileRef = 28A4DFCE24C5AC6B00F78CAC /* Catagory.swift */; };
		398431C2A1821BA1DE543E85 /* Pods_Dream_Shop.framework in Frameworks */ = {isa = PBXBuildFile; fileRef = 07D5588664DD0F2C56315C33 /* Pods_Dream_Shop.framework */; };
/* End PBXBuildFile section */

/* Begin PBXFileReference section */
		07D5588664DD0F2C56315C33 /* Pods_Dream_Shop.framework */ = {isa = PBXFileReference; explicitFileType = wrapper.framework; includeInIndex = 0; path = Pods_Dream_Shop.framework; sourceTree = BUILT_PRODUCTS_DIR; };
		2856794F24C357F70058D61C /* Dream Shop.app */ = {isa = PBXFileReference; explicitFileType = wrapper.application; includeInIndex = 0; path = "Dream Shop.app"; sourceTree = BUILT_PRODUCTS_DIR; };
		2856795224C357F70058D61C /* AppDelegate.swift */ = {isa = PBXFileReference; lastKnownFileType = sourcecode.swift; path = AppDelegate.swift; sourceTree = "<group>"; };
		2856795424C357F70058D61C /* SceneDelegate.swift */ = {isa = PBXFileReference; lastKnownFileType = sourcecode.swift; path = SceneDelegate.swift; sourceTree = "<group>"; };
		2856795624C357F70058D61C /* ViewController.swift */ = {isa = PBXFileReference; lastKnownFileType = sourcecode.swift; path = ViewController.swift; sourceTree = "<group>"; };
		2856795924C357F70058D61C /* Base */ = {isa = PBXFileReference; lastKnownFileType = file.storyboard; name = Base; path = Base.lproj/Main.storyboard; sourceTree = "<group>"; };
		2856795B24C357F90058D61C /* Assets.xcassets */ = {isa = PBXFileReference; lastKnownFileType = folder.assetcatalog; path = Assets.xcassets; sourceTree = "<group>"; };
		2856795E24C357F90058D61C /* Base */ = {isa = PBXFileReference; lastKnownFileType = file.storyboard; name = Base; path = Base.lproj/LaunchScreen.storyboard; sourceTree = "<group>"; };
		2856796024C357F90058D61C /* Info.plist */ = {isa = PBXFileReference; lastKnownFileType = text.plist.xml; path = Info.plist; sourceTree = "<group>"; };
		28A4DFC324C4932900F78CAC /* CatagoryCollectionViewController.swift */ = {isa = PBXFileReference; lastKnownFileType = sourcecode.swift; path = CatagoryCollectionViewController.swift; sourceTree = "<group>"; };
		28A4DFC524C494B200F78CAC /* catagoryCollectionViewCell.swift */ = {isa = PBXFileReference; lastKnownFileType = sourcecode.swift; path = catagoryCollectionViewCell.swift; sourceTree = "<group>"; };
		28A4DFC724C56D3600F78CAC /* GoogleService-Info.plist */ = {isa = PBXFileReference; fileEncoding = 4; lastKnownFileType = text.plist.xml; path = "GoogleService-Info.plist"; sourceTree = "<group>"; };
		28A4DFC924C5A50600F78CAC /* firebaseCollecetionReference.swift */ = {isa = PBXFileReference; lastKnownFileType = sourcecode.swift; path = firebaseCollecetionReference.swift; sourceTree = "<group>"; };
		28A4DFCE24C5AC6B00F78CAC /* Catagory.swift */ = {isa = PBXFileReference; lastKnownFileType = sourcecode.swift; path = Catagory.swift; sourceTree = "<group>"; };
		5949222337FB5B25ACA77C73 /* Pods-Dream Shop.debug.xcconfig */ = {isa = PBXFileReference; includeInIndex = 1; lastKnownFileType = text.xcconfig; name = "Pods-Dream Shop.debug.xcconfig"; path = "Target Support Files/Pods-Dream Shop/Pods-Dream Shop.debug.xcconfig"; sourceTree = "<group>"; };
		C552C18DA0EE45E0892CD1F4 /* Pods-Dream Shop.release.xcconfig */ = {isa = PBXFileReference; includeInIndex = 1; lastKnownFileType = text.xcconfig; name = "Pods-Dream Shop.release.xcconfig"; path = "Target Support Files/Pods-Dream Shop/Pods-Dream Shop.release.xcconfig"; sourceTree = "<group>"; };
/* End PBXFileReference section */

/* Begin PBXFrameworksBuildPhase section */
		2856794C24C357F70058D61C /* Frameworks */ = {
			isa = PBXFrameworksBuildPhase;
			buildActionMask = 2147483647;
			files = (
				398431C2A1821BA1DE543E85 /* Pods_Dream_Shop.framework in Frameworks */,
			);
			runOnlyForDeploymentPostprocessing = 0;
		};
/* End PBXFrameworksBuildPhase section */

/* Begin PBXGroup section */
		2856794624C357F70058D61C = {
			isa = PBXGroup;
			children = (
				2856795124C357F70058D61C /* Dream Shop */,
				2856795024C357F70058D61C /* Products */,
				C376A5AB6B25A724B4466ADF /* Pods */,
				29C08C153D295C54C35E6C86 /* Frameworks */,
			);
			sourceTree = "<group>";
		};
		2856795024C357F70058D61C /* Products */ = {
			isa = PBXGroup;
			children = (
				2856794F24C357F70058D61C /* Dream Shop.app */,
			);
			name = Products;
			sourceTree = "<group>";
		};
		2856795124C357F70058D61C /* Dream Shop */ = {
			isa = PBXGroup;
			children = (
				2856795224C357F70058D61C /* AppDelegate.swift */,
				28A4DFCB24C5AB7C00F78CAC /* Helpers  */,
				2856795424C357F70058D61C /* SceneDelegate.swift */,
				28A4DFD024C5ACA800F78CAC /* Model */,
				28A4DFCC24C5ABE100F78CAC /* MainView */,
				28A4DFCD24C5ABFC00F78CAC /* CustomCell */,
				2856795624C357F70058D61C /* ViewController.swift */,
				2856795824C357F70058D61C /* Main.storyboard */,
				2856795B24C357F90058D61C /* Assets.xcassets */,
				2856795D24C357F90058D61C /* LaunchScreen.storyboard */,
				2856796024C357F90058D61C /* Info.plist */,
				28A4DFC724C56D3600F78CAC /* GoogleService-Info.plist */,
			);
			path = "Dream Shop";
			sourceTree = "<group>";
		};
		28A4DFCB24C5AB7C00F78CAC /* Helpers  */ = {
			isa = PBXGroup;
			children = (
				28A4DFC924C5A50600F78CAC /* firebaseCollecetionReference.swift */,
			);
			path = "Helpers ";
			sourceTree = "<group>";
		};
		28A4DFCC24C5ABE100F78CAC /* MainView */ = {
			isa = PBXGroup;
			children = (
				28A4DFC324C4932900F78CAC /* CatagoryCollectionViewController.swift */,
			);
			path = MainView;
			sourceTree = "<group>";
		};
		28A4DFCD24C5ABFC00F78CAC /* CustomCell */ = {
			isa = PBXGroup;
			children = (
				28A4DFC524C494B200F78CAC /* catagoryCollectionViewCell.swift */,
			);
			path = CustomCell;
			sourceTree = "<group>";
		};
		28A4DFD024C5ACA800F78CAC /* Model */ = {
			isa = PBXGroup;
			children = (
				28A4DFCE24C5AC6B00F78CAC /* Catagory.swift */,
			);
			path = Model;
			sourceTree = "<group>";
		};
		29C08C153D295C54C35E6C86 /* Frameworks */ = {
			isa = PBXGroup;
			children = (
				07D5588664DD0F2C56315C33 /* Pods_Dream_Shop.framework */,
			);
			name = Frameworks;
			sourceTree = "<group>";
		};
		C376A5AB6B25A724B4466ADF /* Pods */ = {
			isa = PBXGroup;
			children = (
				5949222337FB5B25ACA77C73 /* Pods-Dream Shop.debug.xcconfig */,
				C552C18DA0EE45E0892CD1F4 /* Pods-Dream Shop.release.xcconfig */,
			);
			path = Pods;
			sourceTree = "<group>";
		};
/* End PBXGroup section */

/* Begin PBXNativeTarget section */
		2856794E24C357F70058D61C /* Dream Shop */ = {
			isa = PBXNativeTarget;
			buildConfigurationList = 2856796324C357F90058D61C /* Build configuration list for PBXNativeTarget "Dream Shop" */;
			buildPhases = (
				E3F99A78F12DDB862BFA695B /* [CP] Check Pods Manifest.lock */,
				2856794B24C357F70058D61C /* Sources */,
				2856794C24C357F70058D61C /* Frameworks */,
				2856794D24C357F70058D61C /* Resources */,
				094568D7CEFABC56964486FE /* [CP] Embed Pods Frameworks */,
			);
			buildRules = (
			);
			dependencies = (
			);
			name = "Dream Shop";
			productName = "Dream Shop";
			productReference = 2856794F24C357F70058D61C /* Dream Shop.app */;
			productType = "com.apple.product-type.application";
		};
/* End PBXNativeTarget section */

/* Begin PBXProject section */
		2856794724C357F70058D61C /* Project object */ = {
			isa = PBXProject;
			attributes = {
				LastSwiftUpdateCheck = 1140;
				LastUpgradeCheck = 1140;
				ORGANIZATIONNAME = "Salman Farshi";
				TargetAttributes = {
					2856794E24C357F70058D61C = {
						CreatedOnToolsVersion = 11.4.1;
					};
				};
			};
			buildConfigurationList = 2856794A24C357F70058D61C /* Build configuration list for PBXProject "Dream Shop" */;
			compatibilityVersion = "Xcode 9.3";
			developmentRegion = en;
			hasScannedForEncodings = 0;
			knownRegions = (
				en,
				Base,
			);
			mainGroup = 2856794624C357F70058D61C;
			productRefGroup = 2856795024C357F70058D61C /* Products */;
			projectDirPath = "";
			projectRoot = "";
			targets = (
				2856794E24C357F70058D61C /* Dream Shop */,
			);
		};
/* End PBXProject section */

/* Begin PBXResourcesBuildPhase section */
		2856794D24C357F70058D61C /* Resources */ = {
			isa = PBXResourcesBuildPhase;
			buildActionMask = 2147483647;
			files = (
				2856795F24C357F90058D61C /* LaunchScreen.storyboard in Resources */,
				28A4DFC824C56D3600F78CAC /* GoogleService-Info.plist in Resources */,
				2856795C24C357F90058D61C /* Assets.xcassets in Resources */,
				2856795A24C357F70058D61C /* Main.storyboard in Resources */,
			);
			runOnlyForDeploymentPostprocessing = 0;
		};
/* End PBXResourcesBuildPhase section */

/* Begin PBXShellScriptBuildPhase section */
		094568D7CEFABC56964486FE /* [CP] Embed Pods Frameworks */ = {
			isa = PBXShellScriptBuildPhase;
			buildActionMask = 2147483647;
			files = (
			);
			inputFileListPaths = (
				"${PODS_ROOT}/Target Support Files/Pods-Dream Shop/Pods-Dream Shop-frameworks-${CONFIGURATION}-input-files.xcfilelist",
			);
			name = "[CP] Embed Pods Frameworks";
			outputFileListPaths = (
				"${PODS_ROOT}/Target Support Files/Pods-Dream Shop/Pods-Dream Shop-frameworks-${CONFIGURATION}-output-files.xcfilelist",
			);
			runOnlyForDeploymentPostprocessing = 0;
			shellPath = /bin/sh;
			shellScript = "\"${PODS_ROOT}/Target Support Files/Pods-Dream Shop/Pods-Dream Shop-frameworks.sh\"\n";
			showEnvVarsInLog = 0;
		};
		E3F99A78F12DDB862BFA695B /* [CP] Check Pods Manifest.lock */ = {
			isa = PBXShellScriptBuildPhase;
			buildActionMask = 2147483647;
			files = (
			);
			inputFileListPaths = (
			);
			inputPaths = (
				"${PODS_PODFILE_DIR_PATH}/Podfile.lock",
				"${PODS_ROOT}/Manifest.lock",
			);
			name = "[CP] Check Pods Manifest.lock";
			outputFileListPaths = (
			);
			outputPaths = (
				"$(DERIVED_FILE_DIR)/Pods-Dream Shop-checkManifestLockResult.txt",
			);
			runOnlyForDeploymentPostprocessing = 0;
			shellPath = /bin/sh;
			shellScript = "diff \"${PODS_PODFILE_DIR_PATH}/Podfile.lock\" \"${PODS_ROOT}/Manifest.lock\" > /dev/null\nif [ $? != 0 ] ; then\n    # print error to STDERR\n    echo \"error: The sandbox is not in sync with the Podfile.lock. Run 'pod install' or update your CocoaPods installation.\" >&2\n    exit 1\nfi\n# This output is used by Xcode 'outputs' to avoid re-running this script phase.\necho \"SUCCESS\" > \"${SCRIPT_OUTPUT_FILE_0}\"\n";
			showEnvVarsInLog = 0;
		};
/* End PBXShellScriptBuildPhase section */

/* Begin PBXSourcesBuildPhase section */
		2856794B24C357F70058D61C /* Sources */ = {
			isa = PBXSourcesBuildPhase;
			buildActionMask = 2147483647;
			files = (
				2856795724C357F70058D61C /* ViewController.swift in Sources */,
				2856795324C357F70058D61C /* AppDelegate.swift in Sources */,
				28A4DFCF24C5AC6B00F78CAC /* Catagory.swift in Sources */,
				28A4DFC424C4932900F78CAC /* CatagoryCollectionViewController.swift in Sources */,
				28A4DFC624C494B200F78CAC /* catagoryCollectionViewCell.swift in Sources */,
				28A4DFCA24C5A50600F78CAC /* firebaseCollecetionReference.swift in Sources */,
				2856795524C357F70058D61C /* SceneDelegate.swift in Sources */,
			);
			runOnlyForDeploymentPostprocessing = 0;
		};
/* End PBXSourcesBuildPhase section */

/* Begin PBXVariantGroup section */
		2856795824C357F70058D61C /* Main.storyboard */ = {
			isa = PBXVariantGroup;
			children = (
				2856795924C357F70058D61C /* Base */,
			);
			name = Main.storyboard;
			sourceTree = "<group>";
		};
		2856795D24C357F90058D61C /* LaunchScreen.storyboard */ = {
			isa = PBXVariantGroup;
			children = (
				2856795E24C357F90058D61C /* Base */,
			);
			name = LaunchScreen.storyboard;
			sourceTree = "<group>";
		};
/* End PBXVariantGroup section */

/* Begin XCBuildConfiguration section */
		2856796124C357F90058D61C /* Debug */ = {
			isa = XCBuildConfiguration;
			buildSettings = {
				ALWAYS_SEARCH_USER_PATHS = NO;
				CLANG_ANALYZER_NONNULL = YES;
				CLANG_ANALYZER_NUMBER_OBJECT_CONVERSION = YES_AGGRESSIVE;
				CLANG_CXX_LANGUAGE_STANDARD = "gnu++14";
				CLANG_CXX_LIBRARY = "libc++";
				CLANG_ENABLE_MODULES = YES;
				CLANG_ENABLE_OBJC_ARC = YES;
				CLANG_ENABLE_OBJC_WEAK = YES;
				CLANG_WARN_BLOCK_CAPTURE_AUTORELEASING = YES;
				CLANG_WARN_BOOL_CONVERSION = YES;
				CLANG_WARN_COMMA = YES;
				CLANG_WARN_CONSTANT_CONVERSION = YES;
				CLANG_WARN_DEPRECATED_OBJC_IMPLEMENTATIONS = YES;
				CLANG_WARN_DIRECT_OBJC_ISA_USAGE = YES_ERROR;
				CLANG_WARN_DOCUMENTATION_COMMENTS = YES;
				CLANG_WARN_EMPTY_BODY = YES;
				CLANG_WARN_ENUM_CONVERSION = YES;
				CLANG_WARN_INFINITE_RECURSION = YES;
				CLANG_WARN_INT_CONVERSION = YES;
				CLANG_WARN_NON_LITERAL_NULL_CONVERSION = YES;
				CLANG_WARN_OBJC_IMPLICIT_RETAIN_SELF = YES;
				CLANG_WARN_OBJC_LITERAL_CONVERSION = YES;
				CLANG_WARN_OBJC_ROOT_CLASS = YES_ERROR;
				CLANG_WARN_RANGE_LOOP_ANALYSIS = YES;
				CLANG_WARN_STRICT_PROTOTYPES = YES;
				CLANG_WARN_SUSPICIOUS_MOVE = YES;
				CLANG_WARN_UNGUARDED_AVAILABILITY = YES_AGGRESSIVE;
				CLANG_WARN_UNREACHABLE_CODE = YES;
				CLANG_WARN__DUPLICATE_METHOD_MATCH = YES;
				COPY_PHASE_STRIP = NO;
				DEBUG_INFORMATION_FORMAT = dwarf;
				ENABLE_STRICT_OBJC_MSGSEND = YES;
				ENABLE_TESTABILITY = YES;
				GCC_C_LANGUAGE_STANDARD = gnu11;
				GCC_DYNAMIC_NO_PIC = NO;
				GCC_NO_COMMON_BLOCKS = YES;
				GCC_OPTIMIZATION_LEVEL = 0;
				GCC_PREPROCESSOR_DEFINITIONS = (
					"DEBUG=1",
					"$(inherited)",
				);
				GCC_WARN_64_TO_32_BIT_CONVERSION = YES;
				GCC_WARN_ABOUT_RETURN_TYPE = YES_ERROR;
				GCC_WARN_UNDECLARED_SELECTOR = YES;
				GCC_WARN_UNINITIALIZED_AUTOS = YES_AGGRESSIVE;
				GCC_WARN_UNUSED_FUNCTION = YES;
				GCC_WARN_UNUSED_VARIABLE = YES;
				IPHONEOS_DEPLOYMENT_TARGET = 13.4;
				MTL_ENABLE_DEBUG_INFO = INCLUDE_SOURCE;
				MTL_FAST_MATH = YES;
				ONLY_ACTIVE_ARCH = YES;
				SDKROOT = iphoneos;
				SWIFT_ACTIVE_COMPILATION_CONDITIONS = DEBUG;
				SWIFT_OPTIMIZATION_LEVEL = "-Onone";
			};
			name = Debug;
		};
		2856796224C357F90058D61C /* Release */ = {
			isa = XCBuildConfiguration;
			buildSettings = {
				ALWAYS_SEARCH_USER_PATHS = NO;
				CLANG_ANALYZER_NONNULL = YES;
				CLANG_ANALYZER_NUMBER_OBJECT_CONVERSION = YES_AGGRESSIVE;
				CLANG_CXX_LANGUAGE_STANDARD = "gnu++14";
				CLANG_CXX_LIBRARY = "libc++";
				CLANG_ENABLE_MODULES = YES;
				CLANG_ENABLE_OBJC_ARC = YES;
				CLANG_ENABLE_OBJC_WEAK = YES;
				CLANG_WARN_BLOCK_CAPTURE_AUTORELEASING = YES;
				CLANG_WARN_BOOL_CONVERSION = YES;
				CLANG_WARN_COMMA = YES;
				CLANG_WARN_CONSTANT_CONVERSION = YES;
				CLANG_WARN_DEPRECATED_OBJC_IMPLEMENTATIONS = YES;
				CLANG_WARN_DIRECT_OBJC_ISA_USAGE = YES_ERROR;
				CLANG_WARN_DOCUMENTATION_COMMENTS = YES;
				CLANG_WARN_EMPTY_BODY = YES;
				CLANG_WARN_ENUM_CONVERSION = YES;
				CLANG_WARN_INFINITE_RECURSION = YES;
				CLANG_WARN_INT_CONVERSION = YES;
				CLANG_WARN_NON_LITERAL_NULL_CONVERSION = YES;
				CLANG_WARN_OBJC_IMPLICIT_RETAIN_SELF = YES;
				CLANG_WARN_OBJC_LITERAL_CONVERSION = YES;
				CLANG_WARN_OBJC_ROOT_CLASS = YES_ERROR;
				CLANG_WARN_RANGE_LOOP_ANALYSIS = YES;
				CLANG_WARN_STRICT_PROTOTYPES = YES;
				CLANG_WARN_SUSPICIOUS_MOVE = YES;
				CLANG_WARN_UNGUARDED_AVAILABILITY = YES_AGGRESSIVE;
				CLANG_WARN_UNREACHABLE_CODE = YES;
				CLANG_WARN__DUPLICATE_METHOD_MATCH = YES;
				COPY_PHASE_STRIP = NO;
				DEBUG_INFORMATION_FORMAT = "dwarf-with-dsym";
				ENABLE_NS_ASSERTIONS = NO;
				ENABLE_STRICT_OBJC_MSGSEND = YES;
				GCC_C_LANGUAGE_STANDARD = gnu11;
				GCC_NO_COMMON_BLOCKS = YES;
				GCC_WARN_64_TO_32_BIT_CONVERSION = YES;
				GCC_WARN_ABOUT_RETURN_TYPE = YES_ERROR;
				GCC_WARN_UNDECLARED_SELECTOR = YES;
				GCC_WARN_UNINITIALIZED_AUTOS = YES_AGGRESSIVE;
				GCC_WARN_UNUSED_FUNCTION = YES;
				GCC_WARN_UNUSED_VARIABLE = YES;
				IPHONEOS_DEPLOYMENT_TARGET = 13.4;
				MTL_ENABLE_DEBUG_INFO = NO;
				MTL_FAST_MATH = YES;
				SDKROOT = iphoneos;
				SWIFT_COMPILATION_MODE = wholemodule;
				SWIFT_OPTIMIZATION_LEVEL = "-O";
				VALIDATE_PRODUCT = YES;
			};
			name = Release;
		};
		2856796424C357F90058D61C /* Debug */ = {
			isa = XCBuildConfiguration;
			baseConfigurationReference = 5949222337FB5B25ACA77C73 /* Pods-Dream Shop.debug.xcconfig */;
			buildSettings = {
				ASSETCATALOG_COMPILER_APPICON_NAME = AppIcon;
				CODE_SIGN_STYLE = Automatic;
				DEVELOPMENT_TEAM = RW9UP66V3Z;
				INFOPLIST_FILE = "Dream Shop/Info.plist";
				LD_RUNPATH_SEARCH_PATHS = (
					"$(inherited)",
					"@executable_path/Frameworks",
				);
				PRODUCT_BUNDLE_IDENTIFIER = "salman.Dream-Shop";
				PRODUCT_NAME = "$(TARGET_NAME)";
				SWIFT_VERSION = 5.0;
				TARGETED_DEVICE_FAMILY = "1,2";
			};
			name = Debug;
		};
		2856796524C357F90058D61C /* Release */ = {
			isa = XCBuildConfiguration;
			baseConfigurationReference = C552C18DA0EE45E0892CD1F4 /* Pods-Dream Shop.release.xcconfig */;
			buildSettings = {
				ASSETCATALOG_COMPILER_APPICON_NAME = AppIcon;
				CODE_SIGN_STYLE = Automatic;
				DEVELOPMENT_TEAM = RW9UP66V3Z;
				INFOPLIST_FILE = "Dream Shop/Info.plist";
				LD_RUNPATH_SEARCH_PATHS = (
					"$(inherited)",
					"@executable_path/Frameworks",
				);
				PRODUCT_BUNDLE_IDENTIFIER = "salman.Dream-Shop";
				PRODUCT_NAME = "$(TARGET_NAME)";
				SWIFT_VERSION = 5.0;
				TARGETED_DEVICE_FAMILY = "1,2";
			};
			name = Release;
		};
/* End XCBuildConfiguration section */

/* Begin XCConfigurationList section */
		2856794A24C357F70058D61C /* Build configuration list for PBXProject "Dream Shop" */ = {
			isa = XCConfigurationList;
			buildConfigurations = (
				2856796124C357F90058D61C /* Debug */,
				2856796224C357F90058D61C /* Release */,
			);
			defaultConfigurationIsVisible = 0;
			defaultConfigurationName = Release;
		};
		2856796324C357F90058D61C /* Build configuration list for PBXNativeTarget "Dream Shop" */ = {
			isa = XCConfigurationList;
			buildConfigurations = (
				2856796424C357F90058D61C /* Debug */,
				2856796524C357F90058D61C /* Release */,
			);
			defaultConfigurationIsVisible = 0;
			defaultConfigurationName = Release;
		};
/* End XCConfigurationList section */
	};
	rootObject = 2856794724C357F70058D61C /* Project object */;
}
